// !$*UTF8*$!
{
	archiveVersion = 1;
	classes = {
	};
	objectVersion = 51;
	objects = {

/* Begin PBXBuildFile section */
		056663D4C6A3CB9283E36AB6 /* Pods_Notification_Content_App_Extension.framework in Frameworks */ = {isa = PBXBuildFile; fileRef = 9D6F804045D9A12C913E8EFA /* Pods_Notification_Content_App_Extension.framework */; };
		70373169232A6E2200B684E3 /* UserModel.swift in Sources */ = {isa = PBXBuildFile; fileRef = 7058F9572328DA6A00A286E1 /* UserModel.swift */; };
		7037316B232A6E9100B684E3 /* JsonConverter.swift in Sources */ = {isa = PBXBuildFile; fileRef = 703D4EA023293BDB00713BDA /* JsonConverter.swift */; };
		7037316C232A6ECA00B684E3 /* Keys.swift in Sources */ = {isa = PBXBuildFile; fileRef = 703D4E902328E85700713BDA /* Keys.swift */; };
		703D4E912328E85700713BDA /* Keys.swift in Sources */ = {isa = PBXBuildFile; fileRef = 703D4E902328E85700713BDA /* Keys.swift */; };
		703D4E9E232937EE00713BDA /* ViewController+ShowAlert.swift in Sources */ = {isa = PBXBuildFile; fileRef = 703D4E9D232937EE00713BDA /* ViewController+ShowAlert.swift */; };
		703D4EA123293BDB00713BDA /* JsonConverter.swift in Sources */ = {isa = PBXBuildFile; fileRef = 703D4EA023293BDB00713BDA /* JsonConverter.swift */; };
		703D4EA323294B5E00713BDA /* MainViewController.swift in Sources */ = {isa = PBXBuildFile; fileRef = 703D4EA223294B5E00713BDA /* MainViewController.swift */; };
		70571D0923226B100031EDB8 /* UILabel+Font.swift in Sources */ = {isa = PBXBuildFile; fileRef = 70571D0823226B100031EDB8 /* UILabel+Font.swift */; };
		70571D0A23226B700031EDB8 /* UILabel+Font.swift in Sources */ = {isa = PBXBuildFile; fileRef = 70571D0823226B100031EDB8 /* UILabel+Font.swift */; };
		7058F9582328DA6A00A286E1 /* UserModel.swift in Sources */ = {isa = PBXBuildFile; fileRef = 7058F9572328DA6A00A286E1 /* UserModel.swift */; };
		707F79CF232BC6CE005B4E31 /* GoogleService-Info.plist in Resources */ = {isa = PBXBuildFile; fileRef = 707F79CE232BC6CE005B4E31 /* GoogleService-Info.plist */; };
		707F79D0232BC6CE005B4E31 /* GoogleService-Info.plist in Resources */ = {isa = PBXBuildFile; fileRef = 707F79CE232BC6CE005B4E31 /* GoogleService-Info.plist */; };
		BC903F4E20E5710E0022F55B /* AppDelegate.swift in Sources */ = {isa = PBXBuildFile; fileRef = BC903F4D20E5710E0022F55B /* AppDelegate.swift */; };
		BC903F5320E5710E0022F55B /* Main.storyboard in Resources */ = {isa = PBXBuildFile; fileRef = BC903F5120E5710E0022F55B /* Main.storyboard */; };
		BC903F5520E571190022F55B /* Assets.xcassets in Resources */ = {isa = PBXBuildFile; fileRef = BC903F5420E571190022F55B /* Assets.xcassets */; };
		BC903F5820E571190022F55B /* LaunchScreen.storyboard in Resources */ = {isa = PBXBuildFile; fileRef = BC903F5620E571190022F55B /* LaunchScreen.storyboard */; };
		BC903F6620E573E20022F55B /* UserNotifications.framework in Frameworks */ = {isa = PBXBuildFile; fileRef = BC903F6520E573E10022F55B /* UserNotifications.framework */; };
		BC903F6820E573E20022F55B /* UserNotificationsUI.framework in Frameworks */ = {isa = PBXBuildFile; fileRef = BC903F6720E573E20022F55B /* UserNotificationsUI.framework */; };
		ED508C1A2369A065003855DA /* SignUpViewController.swift in Sources */ = {isa = PBXBuildFile; fileRef = ED508C192369A065003855DA /* SignUpViewController.swift */; };
		ED894D16236D73050037B16A /* CaseKeys.swift in Sources */ = {isa = PBXBuildFile; fileRef = ED894D15236D73050037B16A /* CaseKeys.swift */; };
		EDA7AAD8233AE14B002A78A4 /* QuestionModel.swift in Sources */ = {isa = PBXBuildFile; fileRef = EDA7AAD7233AE14B002A78A4 /* QuestionModel.swift */; };
		EDA7AAD9233AE17B002A78A4 /* QuestionModel.swift in Sources */ = {isa = PBXBuildFile; fileRef = EDA7AAD7233AE14B002A78A4 /* QuestionModel.swift */; };
		EDB40F17236726E6002D53DF /* AnswerTableViewCell.swift in Sources */ = {isa = PBXBuildFile; fileRef = EDB40F16236726E6002D53DF /* AnswerTableViewCell.swift */; };
		EDB40F192368366C002D53DF /* QuizViewController.swift in Sources */ = {isa = PBXBuildFile; fileRef = EDB40F182368366C002D53DF /* QuizViewController.swift */; };
		EDB40F1B2368389E002D53DF /* AnswerCollectionViewCell.swift in Sources */ = {isa = PBXBuildFile; fileRef = EDB40F1A2368389E002D53DF /* AnswerCollectionViewCell.swift */; };
		EDB40F2123686F8F002D53DF /* NavigationBar.swift in Sources */ = {isa = PBXBuildFile; fileRef = EDB40F2023686F8F002D53DF /* NavigationBar.swift */; };
		EDB40F2323687000002D53DF /* LoginViewController.swift in Sources */ = {isa = PBXBuildFile; fileRef = EDB40F2223687000002D53DF /* LoginViewController.swift */; };
		EDB40F2623688E98002D53DF /* DesignableUITextField.swift in Sources */ = {isa = PBXBuildFile; fileRef = EDB40F2523688E98002D53DF /* DesignableUITextField.swift */; };
		EDD35C282369A9BA00006770 /* RestoreViewController.swift in Sources */ = {isa = PBXBuildFile; fileRef = EDD35C272369A9BA00006770 /* RestoreViewController.swift */; };
		EDE02FD1236333FE00F58437 /* UIView.swift in Sources */ = {isa = PBXBuildFile; fileRef = EDE02FD0236333FE00F58437 /* UIView.swift */; };
		EDFE850A236AF4ED00667E96 /* TransparentTableViewCell.swift in Sources */ = {isa = PBXBuildFile; fileRef = EDFE8509236AF4ED00667E96 /* TransparentTableViewCell.swift */; };
		EDFE850B236AF4ED00667E96 /* TransparentTableViewCell.swift in Sources */ = {isa = PBXBuildFile; fileRef = EDFE8509236AF4ED00667E96 /* TransparentTableViewCell.swift */; };
		EDFE850F236C33F100667E96 /* NetworkExtension.framework in Frameworks */ = {isa = PBXBuildFile; fileRef = EDFE850E236C33F100667E96 /* NetworkExtension.framework */; };
		EDFE8511236C3ADE00667E96 /* APIRouter.swift in Sources */ = {isa = PBXBuildFile; fileRef = EDFE8510236C3ADE00667E96 /* APIRouter.swift */; };
		EDFE8516236C3DB500667E96 /* Constants.swift in Sources */ = {isa = PBXBuildFile; fileRef = EDFE8515236C3DB500667E96 /* Constants.swift */; };
		EDFE8517236C3E0400667E96 /* Constants.swift in Sources */ = {isa = PBXBuildFile; fileRef = EDFE8515236C3DB500667E96 /* Constants.swift */; };
		EDFE8518236C3E0700667E96 /* APIRouter.swift in Sources */ = {isa = PBXBuildFile; fileRef = EDFE8510236C3ADE00667E96 /* APIRouter.swift */; };
		EDFE851A236C3E2400667E96 /* APIClient.swift in Sources */ = {isa = PBXBuildFile; fileRef = EDFE8519236C3E2400667E96 /* APIClient.swift */; };
		EDFE851C236C415700667E96 /* Utils.swift in Sources */ = {isa = PBXBuildFile; fileRef = EDFE851B236C415700667E96 /* Utils.swift */; };
		EDFE851E236C66B400667E96 /* LocalStorageKeysProtocol.swift in Sources */ = {isa = PBXBuildFile; fileRef = EDFE851D236C66B400667E96 /* LocalStorageKeysProtocol.swift */; };
		EDFE8520236C66DD00667E96 /* Storeable.swift in Sources */ = {isa = PBXBuildFile; fileRef = EDFE851F236C66DD00667E96 /* Storeable.swift */; };
		EDFE8522236C66F500667E96 /* LocalStorageProtocol.swift in Sources */ = {isa = PBXBuildFile; fileRef = EDFE8521236C66F500667E96 /* LocalStorageProtocol.swift */; };
		EDFE8524236C674F00667E96 /* LocalStorage.swift in Sources */ = {isa = PBXBuildFile; fileRef = EDFE8523236C674F00667E96 /* LocalStorage.swift */; };
		EDFE8525236C70ED00667E96 /* LocalStorageKeysProtocol.swift in Sources */ = {isa = PBXBuildFile; fileRef = EDFE851D236C66B400667E96 /* LocalStorageKeysProtocol.swift */; };
		EDFE8526236C70F100667E96 /* LocalStorageProtocol.swift in Sources */ = {isa = PBXBuildFile; fileRef = EDFE8521236C66F500667E96 /* LocalStorageProtocol.swift */; };
		EDFE8527236C70F400667E96 /* LocalStorage.swift in Sources */ = {isa = PBXBuildFile; fileRef = EDFE8523236C674F00667E96 /* LocalStorage.swift */; };
		EDFE8528236C70F900667E96 /* Storeable.swift in Sources */ = {isa = PBXBuildFile; fileRef = EDFE851F236C66DD00667E96 /* Storeable.swift */; };
		EDFE852B236D5EF100667E96 /* QuestionsDB.xcdatamodeld in Sources */ = {isa = PBXBuildFile; fileRef = EDFE8529236D5EF100667E96 /* QuestionsDB.xcdatamodeld */; };
		EDFE852C236D622700667E96 /* QuestionsDB.xcdatamodeld in Sources */ = {isa = PBXBuildFile; fileRef = EDFE8529236D5EF100667E96 /* QuestionsDB.xcdatamodeld */; };
		EDFE8530236D644C00667E96 /* Answers.swift in Sources */ = {isa = PBXBuildFile; fileRef = EDFE852F236D644C00667E96 /* Answers.swift */; };
		EDFE8533236D687600667E96 /* AnswerDatabaseModel.swift in Sources */ = {isa = PBXBuildFile; fileRef = EDFE8532236D687600667E96 /* AnswerDatabaseModel.swift */; };
		EDFE8534236D688D00667E96 /* AnswerDatabaseModel.swift in Sources */ = {isa = PBXBuildFile; fileRef = EDFE8532236D687600667E96 /* AnswerDatabaseModel.swift */; };
		EDFE853D236D6BC100667E96 /* CoreDataManager.swift in Sources */ = {isa = PBXBuildFile; fileRef = EDFE853C236D6BC100667E96 /* CoreDataManager.swift */; };
		EDFE853E236D6BC100667E96 /* CoreDataManager.swift in Sources */ = {isa = PBXBuildFile; fileRef = EDFE853C236D6BC100667E96 /* CoreDataManager.swift */; };
/* End PBXBuildFile section */

/* Begin PBXFileReference section */
		2AC7864FB2462D7EF3314FF5 /* Pods-iOS 12 Notifications.debug.xcconfig */ = {isa = PBXFileReference; includeInIndex = 1; lastKnownFileType = text.xcconfig; name = "Pods-iOS 12 Notifications.debug.xcconfig"; path = "Target Support Files/Pods-iOS 12 Notifications/Pods-iOS 12 Notifications.debug.xcconfig"; sourceTree = "<group>"; };
		60AD57FEFE4E10F8F6CB838A /* Pods-iOS 12 Notifications.release.xcconfig */ = {isa = PBXFileReference; includeInIndex = 1; lastKnownFileType = text.xcconfig; name = "Pods-iOS 12 Notifications.release.xcconfig"; path = "Target Support Files/Pods-iOS 12 Notifications/Pods-iOS 12 Notifications.release.xcconfig"; sourceTree = "<group>"; };
		703D4E902328E85700713BDA /* Keys.swift */ = {isa = PBXFileReference; lastKnownFileType = sourcecode.swift; path = Keys.swift; sourceTree = "<group>"; };
		703D4E9D232937EE00713BDA /* ViewController+ShowAlert.swift */ = {isa = PBXFileReference; lastKnownFileType = sourcecode.swift; path = "ViewController+ShowAlert.swift"; sourceTree = "<group>"; };
		703D4EA023293BDB00713BDA /* JsonConverter.swift */ = {isa = PBXFileReference; lastKnownFileType = sourcecode.swift; path = JsonConverter.swift; sourceTree = "<group>"; };
		703D4EA223294B5E00713BDA /* MainViewController.swift */ = {isa = PBXFileReference; lastKnownFileType = sourcecode.swift; path = MainViewController.swift; sourceTree = "<group>"; };
		70571D0823226B100031EDB8 /* UILabel+Font.swift */ = {isa = PBXFileReference; lastKnownFileType = sourcecode.swift; path = "UILabel+Font.swift"; sourceTree = "<group>"; };
		7058F9572328DA6A00A286E1 /* UserModel.swift */ = {isa = PBXFileReference; lastKnownFileType = sourcecode.swift; path = UserModel.swift; sourceTree = "<group>"; };
		706136B02339144500BA2779 /* iOS 12 Notifications.entitlements */ = {isa = PBXFileReference; lastKnownFileType = text.plist.entitlements; path = "iOS 12 Notifications.entitlements"; sourceTree = "<group>"; };
		707F79CE232BC6CE005B4E31 /* GoogleService-Info.plist */ = {isa = PBXFileReference; fileEncoding = 4; lastKnownFileType = text.plist.xml; path = "GoogleService-Info.plist"; sourceTree = "<group>"; };
		71A5732ABA0FEC5F632B35C1 /* Pods_iOS_12_Notifications.framework */ = {isa = PBXFileReference; explicitFileType = wrapper.framework; includeInIndex = 0; path = Pods_iOS_12_Notifications.framework; sourceTree = BUILT_PRODUCTS_DIR; };
		9D6F804045D9A12C913E8EFA /* Pods_Notification_Content_App_Extension.framework */ = {isa = PBXFileReference; explicitFileType = wrapper.framework; includeInIndex = 0; path = Pods_Notification_Content_App_Extension.framework; sourceTree = BUILT_PRODUCTS_DIR; };
		9E92FDBAD327FEB275E76EF9 /* Pods-Notification Content App Extension.debug.xcconfig */ = {isa = PBXFileReference; includeInIndex = 1; lastKnownFileType = text.xcconfig; name = "Pods-Notification Content App Extension.debug.xcconfig"; path = "Target Support Files/Pods-Notification Content App Extension/Pods-Notification Content App Extension.debug.xcconfig"; sourceTree = "<group>"; };
		B02412B2C1801C519265DC7E /* Pods-Notification Content App Extension.release.xcconfig */ = {isa = PBXFileReference; includeInIndex = 1; lastKnownFileType = text.xcconfig; name = "Pods-Notification Content App Extension.release.xcconfig"; path = "Target Support Files/Pods-Notification Content App Extension/Pods-Notification Content App Extension.release.xcconfig"; sourceTree = "<group>"; };
		BC903F4A20E5710E0022F55B /* iOS 12 Notifications.app */ = {isa = PBXFileReference; explicitFileType = wrapper.application; includeInIndex = 0; path = "iOS 12 Notifications.app"; sourceTree = BUILT_PRODUCTS_DIR; };
		BC903F4D20E5710E0022F55B /* AppDelegate.swift */ = {isa = PBXFileReference; lastKnownFileType = sourcecode.swift; path = AppDelegate.swift; sourceTree = "<group>"; };
		BC903F5220E5710E0022F55B /* Base */ = {isa = PBXFileReference; lastKnownFileType = file.storyboard; name = Base; path = Base.lproj/Main.storyboard; sourceTree = "<group>"; };
		BC903F5420E571190022F55B /* Assets.xcassets */ = {isa = PBXFileReference; lastKnownFileType = folder.assetcatalog; path = Assets.xcassets; sourceTree = "<group>"; };
		BC903F5720E571190022F55B /* Base */ = {isa = PBXFileReference; lastKnownFileType = file.storyboard; name = Base; path = Base.lproj/LaunchScreen.storyboard; sourceTree = "<group>"; };
		BC903F5920E571190022F55B /* Info.plist */ = {isa = PBXFileReference; lastKnownFileType = text.plist.xml; path = Info.plist; sourceTree = "<group>"; };
		BC903F6320E573E10022F55B /* Notification Content App Extension.appex */ = {isa = PBXFileReference; explicitFileType = "wrapper.app-extension"; includeInIndex = 0; path = "Notification Content App Extension.appex"; sourceTree = BUILT_PRODUCTS_DIR; };
		BC903F6520E573E10022F55B /* UserNotifications.framework */ = {isa = PBXFileReference; lastKnownFileType = wrapper.framework; name = UserNotifications.framework; path = System/Library/Frameworks/UserNotifications.framework; sourceTree = SDKROOT; };
		BC903F6720E573E20022F55B /* UserNotificationsUI.framework */ = {isa = PBXFileReference; lastKnownFileType = wrapper.framework; name = UserNotificationsUI.framework; path = System/Library/Frameworks/UserNotificationsUI.framework; sourceTree = SDKROOT; };
		ED508C192369A065003855DA /* SignUpViewController.swift */ = {isa = PBXFileReference; lastKnownFileType = sourcecode.swift; path = SignUpViewController.swift; sourceTree = "<group>"; };
		ED894D15236D73050037B16A /* CaseKeys.swift */ = {isa = PBXFileReference; lastKnownFileType = sourcecode.swift; path = CaseKeys.swift; sourceTree = "<group>"; };
		EDA7AAD7233AE14B002A78A4 /* QuestionModel.swift */ = {isa = PBXFileReference; lastKnownFileType = sourcecode.swift; path = QuestionModel.swift; sourceTree = "<group>"; };
		EDB40F16236726E6002D53DF /* AnswerTableViewCell.swift */ = {isa = PBXFileReference; lastKnownFileType = sourcecode.swift; path = AnswerTableViewCell.swift; sourceTree = "<group>"; };
		EDB40F182368366C002D53DF /* QuizViewController.swift */ = {isa = PBXFileReference; lastKnownFileType = sourcecode.swift; path = QuizViewController.swift; sourceTree = "<group>"; };
		EDB40F1A2368389E002D53DF /* AnswerCollectionViewCell.swift */ = {isa = PBXFileReference; lastKnownFileType = sourcecode.swift; path = AnswerCollectionViewCell.swift; sourceTree = "<group>"; };
		EDB40F2023686F8F002D53DF /* NavigationBar.swift */ = {isa = PBXFileReference; lastKnownFileType = sourcecode.swift; path = NavigationBar.swift; sourceTree = "<group>"; };
		EDB40F2223687000002D53DF /* LoginViewController.swift */ = {isa = PBXFileReference; lastKnownFileType = sourcecode.swift; path = LoginViewController.swift; sourceTree = "<group>"; };
		EDB40F2523688E98002D53DF /* DesignableUITextField.swift */ = {isa = PBXFileReference; lastKnownFileType = sourcecode.swift; path = DesignableUITextField.swift; sourceTree = "<group>"; };
		EDD35C272369A9BA00006770 /* RestoreViewController.swift */ = {isa = PBXFileReference; lastKnownFileType = sourcecode.swift; path = RestoreViewController.swift; sourceTree = "<group>"; };
		EDE02FD0236333FE00F58437 /* UIView.swift */ = {isa = PBXFileReference; lastKnownFileType = sourcecode.swift; path = UIView.swift; sourceTree = "<group>"; };
		EDFE8509236AF4ED00667E96 /* TransparentTableViewCell.swift */ = {isa = PBXFileReference; lastKnownFileType = sourcecode.swift; path = TransparentTableViewCell.swift; sourceTree = "<group>"; };
		EDFE850E236C33F100667E96 /* NetworkExtension.framework */ = {isa = PBXFileReference; lastKnownFileType = wrapper.framework; name = NetworkExtension.framework; path = System/Library/Frameworks/NetworkExtension.framework; sourceTree = SDKROOT; };
		EDFE8510236C3ADE00667E96 /* APIRouter.swift */ = {isa = PBXFileReference; lastKnownFileType = sourcecode.swift; path = APIRouter.swift; sourceTree = "<group>"; };
		EDFE8515236C3DB500667E96 /* Constants.swift */ = {isa = PBXFileReference; lastKnownFileType = sourcecode.swift; path = Constants.swift; sourceTree = "<group>"; };
		EDFE8519236C3E2400667E96 /* APIClient.swift */ = {isa = PBXFileReference; lastKnownFileType = sourcecode.swift; path = APIClient.swift; sourceTree = "<group>"; };
		EDFE851B236C415700667E96 /* Utils.swift */ = {isa = PBXFileReference; lastKnownFileType = sourcecode.swift; path = Utils.swift; sourceTree = "<group>"; };
		EDFE851D236C66B400667E96 /* LocalStorageKeysProtocol.swift */ = {isa = PBXFileReference; lastKnownFileType = sourcecode.swift; path = LocalStorageKeysProtocol.swift; sourceTree = "<group>"; };
		EDFE851F236C66DD00667E96 /* Storeable.swift */ = {isa = PBXFileReference; lastKnownFileType = sourcecode.swift; path = Storeable.swift; sourceTree = "<group>"; };
		EDFE8521236C66F500667E96 /* LocalStorageProtocol.swift */ = {isa = PBXFileReference; lastKnownFileType = sourcecode.swift; path = LocalStorageProtocol.swift; sourceTree = "<group>"; };
		EDFE8523236C674F00667E96 /* LocalStorage.swift */ = {isa = PBXFileReference; lastKnownFileType = sourcecode.swift; path = LocalStorage.swift; sourceTree = "<group>"; };
		EDFE852A236D5EF100667E96 /* QuestionsDB.xcdatamodel */ = {isa = PBXFileReference; lastKnownFileType = wrapper.xcdatamodel; path = QuestionsDB.xcdatamodel; sourceTree = "<group>"; };
		EDFE852F236D644C00667E96 /* Answers.swift */ = {isa = PBXFileReference; lastKnownFileType = sourcecode.swift; path = Answers.swift; sourceTree = "<group>"; };
		EDFE8532236D687600667E96 /* AnswerDatabaseModel.swift */ = {isa = PBXFileReference; lastKnownFileType = sourcecode.swift; path = AnswerDatabaseModel.swift; sourceTree = "<group>"; };
		EDFE853C236D6BC100667E96 /* CoreDataManager.swift */ = {isa = PBXFileReference; lastKnownFileType = sourcecode.swift; path = CoreDataManager.swift; sourceTree = "<group>"; };
/* End PBXFileReference section */

/* Begin PBXFrameworksBuildPhase section */
		BC903F4720E5710E0022F55B /* Frameworks */ = {
			isa = PBXFrameworksBuildPhase;
			buildActionMask = 2147483647;
			files = (
				EDFE850F236C33F100667E96 /* NetworkExtension.framework in Frameworks */,
			);
			runOnlyForDeploymentPostprocessing = 0;
		};
		BC903F6020E573E10022F55B /* Frameworks */ = {
			isa = PBXFrameworksBuildPhase;
			buildActionMask = 2147483647;
			files = (
				BC903F6820E573E20022F55B /* UserNotificationsUI.framework in Frameworks */,
				BC903F6620E573E20022F55B /* UserNotifications.framework in Frameworks */,
				056663D4C6A3CB9283E36AB6 /* Pods_Notification_Content_App_Extension.framework in Frameworks */,
			);
			runOnlyForDeploymentPostprocessing = 0;
		};
/* End PBXFrameworksBuildPhase section */

/* Begin PBXGroup section */
		020533CD23DEDC64CF57DB4D /* Pods */ = {
			isa = PBXGroup;
			children = (
				9E92FDBAD327FEB275E76EF9 /* Pods-Notification Content App Extension.debug.xcconfig */,
				B02412B2C1801C519265DC7E /* Pods-Notification Content App Extension.release.xcconfig */,
				2AC7864FB2462D7EF3314FF5 /* Pods-iOS 12 Notifications.debug.xcconfig */,
				60AD57FEFE4E10F8F6CB838A /* Pods-iOS 12 Notifications.release.xcconfig */,
			);
			path = Pods;
			sourceTree = "<group>";
		};
		7025A2F523263E1900605183 /* Database */ = {
			isa = PBXGroup;
			children = (
				EDFE8529236D5EF100667E96 /* QuestionsDB.xcdatamodeld */,
				EDFE853C236D6BC100667E96 /* CoreDataManager.swift */,
			);
			path = Database;
			sourceTree = "<group>";
		};
		7025A2FA232641B600605183 /* Resources */ = {
			isa = PBXGroup;
			children = (
			);
			path = Resources;
			sourceTree = "<group>";
		};
		7025A30B2326865800605183 /* Parsers */ = {
			isa = PBXGroup;
			children = (
				EDFE851B236C415700667E96 /* Utils.swift */,
			);
			path = Parsers;
			sourceTree = "<group>";
		};
		703D4E8E2328E83D00713BDA /* Storage */ = {
			isa = PBXGroup;
			children = (
				703D4E8F2328E84700713BDA /* Keys */,
				EDFE851F236C66DD00667E96 /* Storeable.swift */,
				EDFE8521236C66F500667E96 /* LocalStorageProtocol.swift */,
				EDFE8523236C674F00667E96 /* LocalStorage.swift */,
			);
			path = Storage;
			sourceTree = "<group>";
		};
		703D4E8F2328E84700713BDA /* Keys */ = {
			isa = PBXGroup;
			children = (
				703D4E902328E85700713BDA /* Keys.swift */,
				EDFE851D236C66B400667E96 /* LocalStorageKeysProtocol.swift */,
			);
			path = Keys;
			sourceTree = "<group>";
		};
		703D4E942328EE7900713BDA /* Controllers */ = {
			isa = PBXGroup;
			children = (
				EDB40F1C23686A24002D53DF /* Sign */,
				703D4EA223294B5E00713BDA /* MainViewController.swift */,
				EDB40F182368366C002D53DF /* QuizViewController.swift */,
			);
			path = Controllers;
			sourceTree = "<group>";
		};
		703D4E9F23293BB100713BDA /* Converters */ = {
			isa = PBXGroup;
			children = (
				703D4EA023293BDB00713BDA /* JsonConverter.swift */,
			);
			path = Converters;
			sourceTree = "<group>";
		};
		70571D0723226AF60031EDB8 /* Extensions */ = {
			isa = PBXGroup;
			children = (
				70571D0823226B100031EDB8 /* UILabel+Font.swift */,
				703D4E9D232937EE00713BDA /* ViewController+ShowAlert.swift */,
				EDE02FD0236333FE00F58437 /* UIView.swift */,
				EDB40F2023686F8F002D53DF /* NavigationBar.swift */,
			);
			path = Extensions;
			sourceTree = "<group>";
		};
		7058F9542328D33D00A286E1 /* API */ = {
			isa = PBXGroup;
			children = (
				EDFE8510236C3ADE00667E96 /* APIRouter.swift */,
				EDFE8519236C3E2400667E96 /* APIClient.swift */,
			);
			path = API;
			sourceTree = "<group>";
		};
		BC903F4120E5710E0022F55B = {
			isa = PBXGroup;
			children = (
				ED894D14236D72E50037B16A /* Emuns */,
				EDFE8514236C3DA500667E96 /* Constants */,
				703D4E8E2328E83D00713BDA /* Storage */,
				703D4E9F23293BB100713BDA /* Converters */,
				7058F9542328D33D00A286E1 /* API */,
				ED87783C2318516100CE22AC /* Model */,
				7025A30B2326865800605183 /* Parsers */,
				7025A2F523263E1900605183 /* Database */,
				BC903F4C20E5710E0022F55B /* iOS 12 Notifications */,
				BC903F6420E573E10022F55B /* Frameworks */,
				BC903F4B20E5710E0022F55B /* Products */,
				020533CD23DEDC64CF57DB4D /* Pods */,
			);
			sourceTree = "<group>";
		};
		BC903F4B20E5710E0022F55B /* Products */ = {
			isa = PBXGroup;
			children = (
				BC903F4A20E5710E0022F55B /* iOS 12 Notifications.app */,
				BC903F6320E573E10022F55B /* Notification Content App Extension.appex */,
			);
			name = Products;
			sourceTree = "<group>";
		};
		BC903F4C20E5710E0022F55B /* iOS 12 Notifications */ = {
			isa = PBXGroup;
			children = (
				EDB40F2423688E29002D53DF /* CustomComponents */,
				EDB40F13236725E0002D53DF /* Cells */,
				706136B02339144500BA2779 /* iOS 12 Notifications.entitlements */,
				707F79CE232BC6CE005B4E31 /* GoogleService-Info.plist */,
				703D4E942328EE7900713BDA /* Controllers */,
				7025A2FA232641B600605183 /* Resources */,
				70571D0723226AF60031EDB8 /* Extensions */,
				BC903F4D20E5710E0022F55B /* AppDelegate.swift */,
				BC903F5120E5710E0022F55B /* Main.storyboard */,
				BC903F5420E571190022F55B /* Assets.xcassets */,
				BC903F5620E571190022F55B /* LaunchScreen.storyboard */,
				BC903F5920E571190022F55B /* Info.plist */,
			);
			path = "iOS 12 Notifications";
			sourceTree = "<group>";
		};
		BC903F6420E573E10022F55B /* Frameworks */ = {
			isa = PBXGroup;
			children = (
				EDFE850E236C33F100667E96 /* NetworkExtension.framework */,
				BC903F6520E573E10022F55B /* UserNotifications.framework */,
				BC903F6720E573E20022F55B /* UserNotificationsUI.framework */,
				9D6F804045D9A12C913E8EFA /* Pods_Notification_Content_App_Extension.framework */,
				71A5732ABA0FEC5F632B35C1 /* Pods_iOS_12_Notifications.framework */,
			);
			name = Frameworks;
			sourceTree = "<group>";
		};
		ED87783C2318516100CE22AC /* Model */ = {
			isa = PBXGroup;
			children = (
				EDA7AADA233B6382002A78A4 /* DatabaseModel */,
				7058F9572328DA6A00A286E1 /* UserModel.swift */,
				EDFE8532236D687600667E96 /* AnswerDatabaseModel.swift */,
				EDA7AAD7233AE14B002A78A4 /* QuestionModel.swift */,
				EDFE852F236D644C00667E96 /* Answers.swift */,
			);
			path = Model;
			sourceTree = "<group>";
		};
		ED894D14236D72E50037B16A /* Emuns */ = {
			isa = PBXGroup;
			children = (
				ED894D15236D73050037B16A /* CaseKeys.swift */,
			);
			path = Emuns;
			sourceTree = "<group>";
		};
		EDA7AADA233B6382002A78A4 /* DatabaseModel */ = {
			isa = PBXGroup;
			children = (
			);
			path = DatabaseModel;
			sourceTree = "<group>";
		};
		EDB40F13236725E0002D53DF /* Cells */ = {
			isa = PBXGroup;
			children = (
				EDB40F16236726E6002D53DF /* AnswerTableViewCell.swift */,
				EDB40F1A2368389E002D53DF /* AnswerCollectionViewCell.swift */,
				EDFE8509236AF4ED00667E96 /* TransparentTableViewCell.swift */,
			);
			path = Cells;
			sourceTree = "<group>";
		};
		EDB40F1C23686A24002D53DF /* Sign */ = {
			isa = PBXGroup;
			children = (
				EDB40F2223687000002D53DF /* LoginViewController.swift */,
				ED508C192369A065003855DA /* SignUpViewController.swift */,
				EDD35C272369A9BA00006770 /* RestoreViewController.swift */,
			);
			path = Sign;
			sourceTree = "<group>";
		};
		EDB40F2423688E29002D53DF /* CustomComponents */ = {
			isa = PBXGroup;
			children = (
				EDB40F2523688E98002D53DF /* DesignableUITextField.swift */,
			);
			path = CustomComponents;
			sourceTree = "<group>";
		};
		EDFE8514236C3DA500667E96 /* Constants */ = {
			isa = PBXGroup;
			children = (
				EDFE8515236C3DB500667E96 /* Constants.swift */,
			);
			path = Constants;
			sourceTree = "<group>";
		};
/* End PBXGroup section */

/* Begin PBXNativeTarget section */
		BC903F4920E5710E0022F55B /* iOS 12 Notifications */ = {
			isa = PBXNativeTarget;
			buildConfigurationList = BC903F5C20E571190022F55B /* Build configuration list for PBXNativeTarget "iOS 12 Notifications" */;
			buildPhases = (
				696209D1487D86AED6BF325F /* [CP] Check Pods Manifest.lock */,
				BC903F4620E5710E0022F55B /* Sources */,
				BC903F4720E5710E0022F55B /* Frameworks */,
				BC903F4820E5710E0022F55B /* Resources */,
				8EA1467D368C5F501A41C599 /* [CP] Embed Pods Frameworks */,
			);
			buildRules = (
			);
			dependencies = (
			);
			name = "iOS 12 Notifications";
			productName = "iOS 12 Notifications";
			productReference = BC903F4A20E5710E0022F55B /* iOS 12 Notifications.app */;
			productType = "com.apple.product-type.application";
		};
		BC903F6220E573E10022F55B /* Notification Content App Extension */ = {
			isa = PBXNativeTarget;
			buildConfigurationList = BC903F7320E573E20022F55B /* Build configuration list for PBXNativeTarget "Notification Content App Extension" */;
			buildPhases = (
				04CF2C720B26D0CA8676326C /* [CP] Check Pods Manifest.lock */,
				BC903F5F20E573E10022F55B /* Sources */,
				BC903F6020E573E10022F55B /* Frameworks */,
				BC903F6120E573E10022F55B /* Resources */,
			);
			buildRules = (
			);
			dependencies = (
			);
			name = "Notification Content App Extension";
			productName = "Notification Content App Extension";
			productReference = BC903F6320E573E10022F55B /* Notification Content App Extension.appex */;
			productType = "com.apple.product-type.app-extension";
		};
/* End PBXNativeTarget section */

/* Begin PBXProject section */
		BC903F4220E5710E0022F55B /* Project object */ = {
			isa = PBXProject;
			attributes = {
				LastSwiftUpdateCheck = 1000;
				LastUpgradeCheck = 1000;
				ORGANIZATIONNAME = "Andrew Jaffee";
				TargetAttributes = {
					BC903F4920E5710E0022F55B = {
						CreatedOnToolsVersion = 10.0;
						LastSwiftMigration = 1030;
						SystemCapabilities = {
							com.apple.ApplicationGroups.iOS = {
								enabled = 1;
							};
						};
					};
					BC903F6220E573E10022F55B = {
						CreatedOnToolsVersion = 10.0;
						LastSwiftMigration = 1030;
						SystemCapabilities = {
							com.apple.ApplicationGroups.iOS = {
								enabled = 1;
							};
						};
					};
				};
			};
			buildConfigurationList = BC903F4520E5710E0022F55B /* Build configuration list for PBXProject "iOS 12 Notifications" */;
			compatibilityVersion = "Xcode 9.3";
			developmentRegion = en;
			hasScannedForEncodings = 0;
			knownRegions = (
				en,
				Base,
			);
			mainGroup = BC903F4120E5710E0022F55B;
			productRefGroup = BC903F4B20E5710E0022F55B /* Products */;
			projectDirPath = "";
			projectRoot = "";
			targets = (
				BC903F4920E5710E0022F55B /* iOS 12 Notifications */,
				BC903F6220E573E10022F55B /* Notification Content App Extension */,
			);
		};
/* End PBXProject section */

/* Begin PBXResourcesBuildPhase section */
		BC903F4820E5710E0022F55B /* Resources */ = {
			isa = PBXResourcesBuildPhase;
			buildActionMask = 2147483647;
			files = (
				BC903F5820E571190022F55B /* LaunchScreen.storyboard in Resources */,
				BC903F5520E571190022F55B /* Assets.xcassets in Resources */,
				707F79CF232BC6CE005B4E31 /* GoogleService-Info.plist in Resources */,
				BC903F5320E5710E0022F55B /* Main.storyboard in Resources */,
			);
			runOnlyForDeploymentPostprocessing = 0;
		};
		BC903F6120E573E10022F55B /* Resources */ = {
			isa = PBXResourcesBuildPhase;
			buildActionMask = 2147483647;
			files = (
				707F79D0232BC6CE005B4E31 /* GoogleService-Info.plist in Resources */,
			);
			runOnlyForDeploymentPostprocessing = 0;
		};
/* End PBXResourcesBuildPhase section */

/* Begin PBXShellScriptBuildPhase section */
		04CF2C720B26D0CA8676326C /* [CP] Check Pods Manifest.lock */ = {
			isa = PBXShellScriptBuildPhase;
			buildActionMask = 2147483647;
			files = (
			);
			inputFileListPaths = (
			);
			inputPaths = (
				"${PODS_PODFILE_DIR_PATH}/Podfile.lock",
				"${PODS_ROOT}/Manifest.lock",
			);
			name = "[CP] Check Pods Manifest.lock";
			outputFileListPaths = (
			);
			outputPaths = (
				"$(DERIVED_FILE_DIR)/Pods-Notification Content App Extension-checkManifestLockResult.txt",
			);
			runOnlyForDeploymentPostprocessing = 0;
			shellPath = /bin/sh;
			shellScript = "diff \"${PODS_PODFILE_DIR_PATH}/Podfile.lock\" \"${PODS_ROOT}/Manifest.lock\" > /dev/null\nif [ $? != 0 ] ; then\n    # print error to STDERR\n    echo \"error: The sandbox is not in sync with the Podfile.lock. Run 'pod install' or update your CocoaPods installation.\" >&2\n    exit 1\nfi\n# This output is used by Xcode 'outputs' to avoid re-running this script phase.\necho \"SUCCESS\" > \"${SCRIPT_OUTPUT_FILE_0}\"\n";
			showEnvVarsInLog = 0;
		};
		696209D1487D86AED6BF325F /* [CP] Check Pods Manifest.lock */ = {
			isa = PBXShellScriptBuildPhase;
			buildActionMask = 2147483647;
			files = (
			);
			inputFileListPaths = (
			);
			inputPaths = (
				"${PODS_PODFILE_DIR_PATH}/Podfile.lock",
				"${PODS_ROOT}/Manifest.lock",
			);
			name = "[CP] Check Pods Manifest.lock";
			outputFileListPaths = (
			);
			outputPaths = (
				"$(DERIVED_FILE_DIR)/Pods-iOS 12 Notifications-checkManifestLockResult.txt",
			);
			runOnlyForDeploymentPostprocessing = 0;
			shellPath = /bin/sh;
			shellScript = "diff \"${PODS_PODFILE_DIR_PATH}/Podfile.lock\" \"${PODS_ROOT}/Manifest.lock\" > /dev/null\nif [ $? != 0 ] ; then\n    # print error to STDERR\n    echo \"error: The sandbox is not in sync with the Podfile.lock. Run 'pod install' or update your CocoaPods installation.\" >&2\n    exit 1\nfi\n# This output is used by Xcode 'outputs' to avoid re-running this script phase.\necho \"SUCCESS\" > \"${SCRIPT_OUTPUT_FILE_0}\"\n";
			showEnvVarsInLog = 0;
		};
		8EA1467D368C5F501A41C599 /* [CP] Embed Pods Frameworks */ = {
			isa = PBXShellScriptBuildPhase;
			buildActionMask = 2147483647;
			files = (
			);
			inputFileListPaths = (
				"${PODS_ROOT}/Target Support Files/Pods-iOS 12 Notifications/Pods-iOS 12 Notifications-frameworks-${CONFIGURATION}-input-files.xcfilelist",
			);
			name = "[CP] Embed Pods Frameworks";
			outputFileListPaths = (
				"${PODS_ROOT}/Target Support Files/Pods-iOS 12 Notifications/Pods-iOS 12 Notifications-frameworks-${CONFIGURATION}-output-files.xcfilelist",
			);
			runOnlyForDeploymentPostprocessing = 0;
			shellPath = /bin/sh;
			shellScript = "\"${PODS_ROOT}/Target Support Files/Pods-iOS 12 Notifications/Pods-iOS 12 Notifications-frameworks.sh\"\n";
			showEnvVarsInLog = 0;
		};
/* End PBXShellScriptBuildPhase section */

/* Begin PBXSourcesBuildPhase section */
		BC903F4620E5710E0022F55B /* Sources */ = {
			isa = PBXSourcesBuildPhase;
			buildActionMask = 2147483647;
			files = (
				EDFE852B236D5EF100667E96 /* QuestionsDB.xcdatamodeld in Sources */,
				EDD35C282369A9BA00006770 /* RestoreViewController.swift in Sources */,
				EDFE851A236C3E2400667E96 /* APIClient.swift in Sources */,
				703D4E912328E85700713BDA /* Keys.swift in Sources */,
				EDE02FD1236333FE00F58437 /* UIView.swift in Sources */,
				EDFE851C236C415700667E96 /* Utils.swift in Sources */,
				EDB40F1B2368389E002D53DF /* AnswerCollectionViewCell.swift in Sources */,
				EDFE8520236C66DD00667E96 /* Storeable.swift in Sources */,
				EDFE8516236C3DB500667E96 /* Constants.swift in Sources */,
				703D4E9E232937EE00713BDA /* ViewController+ShowAlert.swift in Sources */,
				EDFE853D236D6BC100667E96 /* CoreDataManager.swift in Sources */,
				ED508C1A2369A065003855DA /* SignUpViewController.swift in Sources */,
				EDB40F17236726E6002D53DF /* AnswerTableViewCell.swift in Sources */,
				70571D0923226B100031EDB8 /* UILabel+Font.swift in Sources */,
				EDFE8511236C3ADE00667E96 /* APIRouter.swift in Sources */,
				EDB40F192368366C002D53DF /* QuizViewController.swift in Sources */,
				EDFE8522236C66F500667E96 /* LocalStorageProtocol.swift in Sources */,
				703D4EA123293BDB00713BDA /* JsonConverter.swift in Sources */,
				EDB40F2323687000002D53DF /* LoginViewController.swift in Sources */,
				EDFE8530236D644C00667E96 /* Answers.swift in Sources */,
				BC903F4E20E5710E0022F55B /* AppDelegate.swift in Sources */,
				EDB40F2123686F8F002D53DF /* NavigationBar.swift in Sources */,
				EDB40F2623688E98002D53DF /* DesignableUITextField.swift in Sources */,
				7058F9582328DA6A00A286E1 /* UserModel.swift in Sources */,
				EDA7AAD8233AE14B002A78A4 /* QuestionModel.swift in Sources */,
				EDFE8524236C674F00667E96 /* LocalStorage.swift in Sources */,
				EDFE851E236C66B400667E96 /* LocalStorageKeysProtocol.swift in Sources */,
				EDFE850A236AF4ED00667E96 /* TransparentTableViewCell.swift in Sources */,
				EDFE8533236D687600667E96 /* AnswerDatabaseModel.swift in Sources */,
				703D4EA323294B5E00713BDA /* MainViewController.swift in Sources */,
				ED894D16236D73050037B16A /* CaseKeys.swift in Sources */,
			);
			runOnlyForDeploymentPostprocessing = 0;
		};
		BC903F5F20E573E10022F55B /* Sources */ = {
			isa = PBXSourcesBuildPhase;
			buildActionMask = 2147483647;
			files = (
				EDFE8526236C70F100667E96 /* LocalStorageProtocol.swift in Sources */,
				EDFE850B236AF4ED00667E96 /* TransparentTableViewCell.swift in Sources */,
				EDFE8517236C3E0400667E96 /* Constants.swift in Sources */,
				7037316B232A6E9100B684E3 /* JsonConverter.swift in Sources */,
				EDFE8525236C70ED00667E96 /* LocalStorageKeysProtocol.swift in Sources */,
				EDFE852C236D622700667E96 /* QuestionsDB.xcdatamodeld in Sources */,
				EDFE8518236C3E0700667E96 /* APIRouter.swift in Sources */,
				EDFE8528236C70F900667E96 /* Storeable.swift in Sources */,
				EDFE853E236D6BC100667E96 /* CoreDataManager.swift in Sources */,
				EDA7AAD9233AE17B002A78A4 /* QuestionModel.swift in Sources */,
				EDFE8527236C70F400667E96 /* LocalStorage.swift in Sources */,
				70571D0A23226B700031EDB8 /* UILabel+Font.swift in Sources */,
				7037316C232A6ECA00B684E3 /* Keys.swift in Sources */,
				EDFE8534236D688D00667E96 /* AnswerDatabaseModel.swift in Sources */,
				70373169232A6E2200B684E3 /* UserModel.swift in Sources */,
			);
			runOnlyForDeploymentPostprocessing = 0;
		};
/* End PBXSourcesBuildPhase section */

/* Begin PBXVariantGroup section */
		BC903F5120E5710E0022F55B /* Main.storyboard */ = {
			isa = PBXVariantGroup;
			children = (
				BC903F5220E5710E0022F55B /* Base */,
			);
			name = Main.storyboard;
			sourceTree = "<group>";
		};
		BC903F5620E571190022F55B /* LaunchScreen.storyboard */ = {
			isa = PBXVariantGroup;
			children = (
				BC903F5720E571190022F55B /* Base */,
			);
			name = LaunchScreen.storyboard;
			sourceTree = "<group>";
		};
/* End PBXVariantGroup section */

/* Begin XCBuildConfiguration section */
		BC903F5A20E571190022F55B /* Debug */ = {
			isa = XCBuildConfiguration;
			buildSettings = {
				ALWAYS_SEARCH_USER_PATHS = NO;
				CLANG_ANALYZER_NONNULL = YES;
				CLANG_ANALYZER_NUMBER_OBJECT_CONVERSION = YES_AGGRESSIVE;
				CLANG_CXX_LANGUAGE_STANDARD = "gnu++14";
				CLANG_CXX_LIBRARY = "libc++";
				CLANG_ENABLE_MODULES = YES;
				CLANG_ENABLE_OBJC_ARC = YES;
				CLANG_ENABLE_OBJC_WEAK = YES;
				CLANG_WARN_BLOCK_CAPTURE_AUTORELEASING = YES;
				CLANG_WARN_BOOL_CONVERSION = YES;
				CLANG_WARN_COMMA = YES;
				CLANG_WARN_CONSTANT_CONVERSION = YES;
				CLANG_WARN_DEPRECATED_OBJC_IMPLEMENTATIONS = YES;
				CLANG_WARN_DIRECT_OBJC_ISA_USAGE = YES_ERROR;
				CLANG_WARN_DOCUMENTATION_COMMENTS = YES;
				CLANG_WARN_EMPTY_BODY = YES;
				CLANG_WARN_ENUM_CONVERSION = YES;
				CLANG_WARN_INFINITE_RECURSION = YES;
				CLANG_WARN_INT_CONVERSION = YES;
				CLANG_WARN_NON_LITERAL_NULL_CONVERSION = YES;
				CLANG_WARN_OBJC_IMPLICIT_RETAIN_SELF = YES;
				CLANG_WARN_OBJC_LITERAL_CONVERSION = YES;
				CLANG_WARN_OBJC_ROOT_CLASS = YES_ERROR;
				CLANG_WARN_RANGE_LOOP_ANALYSIS = YES;
				CLANG_WARN_STRICT_PROTOTYPES = YES;
				CLANG_WARN_SUSPICIOUS_MOVE = YES;
				CLANG_WARN_UNGUARDED_AVAILABILITY = YES_AGGRESSIVE;
				CLANG_WARN_UNREACHABLE_CODE = YES;
				CLANG_WARN__DUPLICATE_METHOD_MATCH = YES;
				CODE_SIGN_IDENTITY = "iPhone Developer";
				COPY_PHASE_STRIP = NO;
				DEBUG_INFORMATION_FORMAT = dwarf;
				ENABLE_STRICT_OBJC_MSGSEND = YES;
				ENABLE_TESTABILITY = YES;
				GCC_C_LANGUAGE_STANDARD = gnu11;
				GCC_DYNAMIC_NO_PIC = NO;
				GCC_NO_COMMON_BLOCKS = YES;
				GCC_OPTIMIZATION_LEVEL = 0;
				GCC_PREPROCESSOR_DEFINITIONS = (
					"DEBUG=1",
					"$(inherited)",
				);
				GCC_WARN_64_TO_32_BIT_CONVERSION = YES;
				GCC_WARN_ABOUT_RETURN_TYPE = YES_ERROR;
				GCC_WARN_UNDECLARED_SELECTOR = YES;
				GCC_WARN_UNINITIALIZED_AUTOS = YES_AGGRESSIVE;
				GCC_WARN_UNUSED_FUNCTION = YES;
				GCC_WARN_UNUSED_VARIABLE = YES;
				IPHONEOS_DEPLOYMENT_TARGET = 12.0;
				MTL_ENABLE_DEBUG_INFO = INCLUDE_SOURCE;
				ONLY_ACTIVE_ARCH = YES;
				SDKROOT = iphoneos;
				SWIFT_ACTIVE_COMPILATION_CONDITIONS = DEBUG;
				SWIFT_OPTIMIZATION_LEVEL = "-Onone";
			};
			name = Debug;
		};
		BC903F5B20E571190022F55B /* Release */ = {
			isa = XCBuildConfiguration;
			buildSettings = {
				ALWAYS_SEARCH_USER_PATHS = NO;
				CLANG_ANALYZER_NONNULL = YES;
				CLANG_ANALYZER_NUMBER_OBJECT_CONVERSION = YES_AGGRESSIVE;
				CLANG_CXX_LANGUAGE_STANDARD = "gnu++14";
				CLANG_CXX_LIBRARY = "libc++";
				CLANG_ENABLE_MODULES = YES;
				CLANG_ENABLE_OBJC_ARC = YES;
				CLANG_ENABLE_OBJC_WEAK = YES;
				CLANG_WARN_BLOCK_CAPTURE_AUTORELEASING = YES;
				CLANG_WARN_BOOL_CONVERSION = YES;
				CLANG_WARN_COMMA = YES;
				CLANG_WARN_CONSTANT_CONVERSION = YES;
				CLANG_WARN_DEPRECATED_OBJC_IMPLEMENTATIONS = YES;
				CLANG_WARN_DIRECT_OBJC_ISA_USAGE = YES_ERROR;
				CLANG_WARN_DOCUMENTATION_COMMENTS = YES;
				CLANG_WARN_EMPTY_BODY = YES;
				CLANG_WARN_ENUM_CONVERSION = YES;
				CLANG_WARN_INFINITE_RECURSION = YES;
				CLANG_WARN_INT_CONVERSION = YES;
				CLANG_WARN_NON_LITERAL_NULL_CONVERSION = YES;
				CLANG_WARN_OBJC_IMPLICIT_RETAIN_SELF = YES;
				CLANG_WARN_OBJC_LITERAL_CONVERSION = YES;
				CLANG_WARN_OBJC_ROOT_CLASS = YES_ERROR;
				CLANG_WARN_RANGE_LOOP_ANALYSIS = YES;
				CLANG_WARN_STRICT_PROTOTYPES = YES;
				CLANG_WARN_SUSPICIOUS_MOVE = YES;
				CLANG_WARN_UNGUARDED_AVAILABILITY = YES_AGGRESSIVE;
				CLANG_WARN_UNREACHABLE_CODE = YES;
				CLANG_WARN__DUPLICATE_METHOD_MATCH = YES;
				CODE_SIGN_IDENTITY = "iPhone Developer";
				COPY_PHASE_STRIP = NO;
				DEBUG_INFORMATION_FORMAT = "dwarf-with-dsym";
				ENABLE_NS_ASSERTIONS = NO;
				ENABLE_STRICT_OBJC_MSGSEND = YES;
				GCC_C_LANGUAGE_STANDARD = gnu11;
				GCC_NO_COMMON_BLOCKS = YES;
				GCC_WARN_64_TO_32_BIT_CONVERSION = YES;
				GCC_WARN_ABOUT_RETURN_TYPE = YES_ERROR;
				GCC_WARN_UNDECLARED_SELECTOR = YES;
				GCC_WARN_UNINITIALIZED_AUTOS = YES_AGGRESSIVE;
				GCC_WARN_UNUSED_FUNCTION = YES;
				GCC_WARN_UNUSED_VARIABLE = YES;
				IPHONEOS_DEPLOYMENT_TARGET = 12.0;
				MTL_ENABLE_DEBUG_INFO = NO;
				SDKROOT = iphoneos;
				SWIFT_COMPILATION_MODE = wholemodule;
				SWIFT_OPTIMIZATION_LEVEL = "-O";
				VALIDATE_PRODUCT = YES;
			};
			name = Release;
		};
		BC903F5D20E571190022F55B /* Debug */ = {
			isa = XCBuildConfiguration;
			baseConfigurationReference = 2AC7864FB2462D7EF3314FF5 /* Pods-iOS 12 Notifications.debug.xcconfig */;
			buildSettings = {
				ASSETCATALOG_COMPILER_APPICON_NAME = AppIcon;
				CLANG_ENABLE_MODULES = YES;
				CODE_SIGN_ENTITLEMENTS = "iOS 12 Notifications/iOS 12 Notifications.entitlements";
				CODE_SIGN_STYLE = Automatic;
				CURRENT_PROJECT_VERSION = 6;
				DEFINES_MODULE = YES;
				DEVELOPMENT_TEAM = P62UJ2V6SX;
				INFOPLIST_FILE = "iOS 12 Notifications/Info.plist";
				IPHONEOS_DEPLOYMENT_TARGET = 12.3;
				LD_RUNPATH_SEARCH_PATHS = (
					"$(inherited)",
					"@executable_path/Frameworks",
				);
				MARKETING_VERSION = 1.3;
				PRODUCT_BUNDLE_IDENTIFIER = "com.akirill.iOS-12-Notifications";
				PRODUCT_MODULE_NAME = "$(PRODUCT_NAME:c99extidentifier)";
				PRODUCT_NAME = "$(TARGET_NAME)";
				SWIFT_OPTIMIZATION_LEVEL = "-Onone";
				SWIFT_PRECOMPILE_BRIDGING_HEADER = NO;
				SWIFT_VERSION = 5.0;
				TARGETED_DEVICE_FAMILY = 1;
			};
			name = Debug;
		};
		BC903F5E20E571190022F55B /* Release */ = {
			isa = XCBuildConfiguration;
			baseConfigurationReference = 60AD57FEFE4E10F8F6CB838A /* Pods-iOS 12 Notifications.release.xcconfig */;
			buildSettings = {
				ASSETCATALOG_COMPILER_APPICON_NAME = AppIcon;
				CLANG_ENABLE_MODULES = YES;
				CODE_SIGN_ENTITLEMENTS = "iOS 12 Notifications/iOS 12 Notifications.entitlements";
				CODE_SIGN_STYLE = Automatic;
				CURRENT_PROJECT_VERSION = 6;
				DEFINES_MODULE = YES;
				DEVELOPMENT_TEAM = P62UJ2V6SX;
				INFOPLIST_FILE = "iOS 12 Notifications/Info.plist";
				IPHONEOS_DEPLOYMENT_TARGET = 12.3;
				LD_RUNPATH_SEARCH_PATHS = (
					"$(inherited)",
					"@executable_path/Frameworks",
				);
				MARKETING_VERSION = 1.3;
				PRODUCT_BUNDLE_IDENTIFIER = "com.akirill.iOS-12-Notifications";
				PRODUCT_MODULE_NAME = "$(PRODUCT_NAME:c99extidentifier)";
				PRODUCT_NAME = "$(TARGET_NAME)";
				SWIFT_PRECOMPILE_BRIDGING_HEADER = NO;
				SWIFT_VERSION = 5.0;
				TARGETED_DEVICE_FAMILY = 1;
			};
			name = Release;
		};
		BC903F7420E573E20022F55B /* Debug */ = {
			isa = XCBuildConfiguration;
			baseConfigurationReference = 9E92FDBAD327FEB275E76EF9 /* Pods-Notification Content App Extension.debug.xcconfig */;
			buildSettings = {
				CODE_SIGN_ENTITLEMENTS = "Notification Content App Extension/Notification Content App Extension.entitlements";
				CODE_SIGN_STYLE = Automatic;
				CURRENT_PROJECT_VERSION = 6;
				DEVELOPMENT_TEAM = P62UJ2V6SX;
				INFOPLIST_FILE = "Notification Content App Extension/Info.plist";
				IPHONEOS_DEPLOYMENT_TARGET = 12.3;
				LD_RUNPATH_SEARCH_PATHS = (
					"$(inherited)",
					"@executable_path/Frameworks",
					"@executable_path/../../Frameworks",
				);
				MARKETING_VERSION = 1.3;
				PRODUCT_BUNDLE_IDENTIFIER = "com.akirill.iOS-12-Notifications.Notification-Content-App-Extension";
				PRODUCT_NAME = "$(TARGET_NAME)";
				SKIP_INSTALL = YES;
				SWIFT_VERSION = 5.0;
				TARGETED_DEVICE_FAMILY = 1;
			};
			name = Debug;
		};
		BC903F7520E573E20022F55B /* Release */ = {
			isa = XCBuildConfiguration;
			baseConfigurationReference = B02412B2C1801C519265DC7E /* Pods-Notification Content App Extension.release.xcconfig */;
			buildSettings = {
				CODE_SIGN_ENTITLEMENTS = "Notification Content App Extension/Notification Content App Extension.entitlements";
				CODE_SIGN_STYLE = Automatic;
				CURRENT_PROJECT_VERSION = 6;
				DEVELOPMENT_TEAM = P62UJ2V6SX;
				INFOPLIST_FILE = "Notification Content App Extension/Info.plist";
				IPHONEOS_DEPLOYMENT_TARGET = 12.3;
				LD_RUNPATH_SEARCH_PATHS = (
					"$(inherited)",
					"@executable_path/Frameworks",
					"@executable_path/../../Frameworks",
				);
				MARKETING_VERSION = 1.3;
				PRODUCT_BUNDLE_IDENTIFIER = "com.akirill.iOS-12-Notifications.Notification-Content-App-Extension";
				PRODUCT_NAME = "$(TARGET_NAME)";
				SKIP_INSTALL = YES;
				SWIFT_VERSION = 5.0;
				TARGETED_DEVICE_FAMILY = 1;
			};
			name = Release;
		};
/* End XCBuildConfiguration section */

/* Begin XCConfigurationList section */
		BC903F4520E5710E0022F55B /* Build configuration list for PBXProject "iOS 12 Notifications" */ = {
			isa = XCConfigurationList;
			buildConfigurations = (
				BC903F5A20E571190022F55B /* Debug */,
				BC903F5B20E571190022F55B /* Release */,
			);
			defaultConfigurationIsVisible = 0;
			defaultConfigurationName = Release;
		};
		BC903F5C20E571190022F55B /* Build configuration list for PBXNativeTarget "iOS 12 Notifications" */ = {
			isa = XCConfigurationList;
			buildConfigurations = (
				BC903F5D20E571190022F55B /* Debug */,
				BC903F5E20E571190022F55B /* Release */,
			);
			defaultConfigurationIsVisible = 0;
			defaultConfigurationName = Release;
		};
		BC903F7320E573E20022F55B /* Build configuration list for PBXNativeTarget "Notification Content App Extension" */ = {
			isa = XCConfigurationList;
			buildConfigurations = (
				BC903F7420E573E20022F55B /* Debug */,
				BC903F7520E573E20022F55B /* Release */,
			);
			defaultConfigurationIsVisible = 0;
			defaultConfigurationName = Release;
		};
/* End XCConfigurationList section */

/* Begin XCVersionGroup section */
		EDFE8529236D5EF100667E96 /* QuestionsDB.xcdatamodeld */ = {
			isa = XCVersionGroup;
			children = (
				EDFE852A236D5EF100667E96 /* QuestionsDB.xcdatamodel */,
			);
			currentVersion = EDFE852A236D5EF100667E96 /* QuestionsDB.xcdatamodel */;
			path = QuestionsDB.xcdatamodeld;
			sourceTree = "<group>";
			versionGroupType = wrapper.xcdatamodel;
		};
/* End XCVersionGroup section */
	};
	rootObject = BC903F4220E5710E0022F55B /* Project object */;
}
